{
  "version": 4,
  "terraform_version": "1.4.4",
  "serial": 6,
  "lineage": "1040d5a4-bf16-d91a-0331-60d8f59aae83",
  "outputs": {
    "resource_group_name": {
      "value": "rg-famous-ape",
      "type": "string"
    }
  },
  "resources": [
    {
      "mode": "managed",
      "type": "azurerm_log_analytics_solution",
      "name": "test",
      "provider": "provider[\"registry.terraform.io/hashicorp/azurerm\"]",
      "instances": [
        {
          "schema_version": 1,
          "attributes": {
            "id": "/subscriptions/6646d8dd-b358-4086-a7fb-9130a2bd6cf8/resourceGroups/rg-famous-ape/providers/Microsoft.OperationsManagement/solutions/ContainerInsights(testLogAnalyticsWorkspaceName-7791532387988618400)",
            "location": "eastus",
            "plan": [
              {
                "name": "ContainerInsights(testloganalyticsworkspacename-7791532387988618400)",
                "product": "OMSGallery/ContainerInsights",
                "promotion_code": "",
                "publisher": "Microsoft"
              }
            ],
            "resource_group_name": "rg-famous-ape",
            "solution_name": "ContainerInsights",
            "tags": null,
            "timeouts": null,
            "workspace_name": "testLogAnalyticsWorkspaceName-7791532387988618400",
            "workspace_resource_id": "/subscriptions/6646d8dd-b358-4086-a7fb-9130a2bd6cf8/resourceGroups/rg-famous-ape/providers/Microsoft.OperationalInsights/workspaces/testLogAnalyticsWorkspaceName-7791532387988618400"
          },
          "sensitive_attributes": [],
          "private": "eyJlMmJmYjczMC1lY2FhLTExZTYtOGY4OC0zNDM2M2JjN2M0YzAiOnsiY3JlYXRlIjoxODAwMDAwMDAwMDAwLCJkZWxldGUiOjE4MDAwMDAwMDAwMDAsInJlYWQiOjMwMDAwMDAwMDAwMCwidXBkYXRlIjoxODAwMDAwMDAwMDAwfSwic2NoZW1hX3ZlcnNpb24iOiIxIn0=",
          "dependencies": [
            "azurerm_log_analytics_workspace.test",
            "azurerm_resource_group.rg",
            "random_id.log_analytics_workspace_name_suffix",
            "random_pet.rg_name"
          ]
        }
      ]
    },
    {
      "mode": "managed",
      "type": "azurerm_log_analytics_workspace",
      "name": "test",
      "provider": "provider[\"registry.terraform.io/hashicorp/azurerm\"]",
      "instances": [
        {
          "schema_version": 3,
          "attributes": {
            "allow_resource_only_permissions": true,
            "cmk_for_query_forced": false,
            "daily_quota_gb": -1,
            "id": "/subscriptions/6646d8dd-b358-4086-a7fb-9130a2bd6cf8/resourceGroups/rg-famous-ape/providers/Microsoft.OperationalInsights/workspaces/testLogAnalyticsWorkspaceName-7791532387988618400",
            "internet_ingestion_enabled": true,
            "internet_query_enabled": true,
            "local_authentication_disabled": false,
            "location": "eastus",
            "name": "testLogAnalyticsWorkspaceName-7791532387988618400",
            "primary_shared_key": "S1bX+CNGYKi7bmOq5NpH3BsIQg+qVFlry4DdfYT8jKQUA16qBwENz/hW8xTmBedyLDTpLAeJmyG/noE+hswA9A==",
            "reservation_capacity_in_gb_per_day": null,
            "resource_group_name": "rg-famous-ape",
            "retention_in_days": 30,
            "secondary_shared_key": "VSLbF628P+WFD8HDIlRlIao0bdoY3wHeoLGMTrmJxJPTU0aF85Tpc+zxsJ3E/BucM1SP9L/EiqCARtfkkPVBOw==",
            "sku": "PerGB2018",
            "tags": null,
            "timeouts": null,
            "workspace_id": "f5d1f9f4-6655-437f-961d-3da6adb27cda"
          },
          "sensitive_attributes": [],
          "private": "eyJlMmJmYjczMC1lY2FhLTExZTYtOGY4OC0zNDM2M2JjN2M0YzAiOnsiY3JlYXRlIjoxODAwMDAwMDAwMDAwLCJkZWxldGUiOjE4MDAwMDAwMDAwMDAsInJlYWQiOjMwMDAwMDAwMDAwMCwidXBkYXRlIjoxODAwMDAwMDAwMDAwfSwic2NoZW1hX3ZlcnNpb24iOiIzIn0=",
          "dependencies": [
            "azurerm_resource_group.rg",
            "random_id.log_analytics_workspace_name_suffix",
            "random_pet.rg_name"
          ]
        }
      ]
    },
    {
      "mode": "managed",
      "type": "azurerm_resource_group",
      "name": "rg",
      "provider": "provider[\"registry.terraform.io/hashicorp/azurerm\"]",
      "instances": [
        {
          "schema_version": 0,
          "attributes": {
            "id": "/subscriptions/6646d8dd-b358-4086-a7fb-9130a2bd6cf8/resourceGroups/rg-famous-ape",
            "location": "eastus",
            "name": "rg-famous-ape",
            "tags": null,
            "timeouts": null
          },
          "sensitive_attributes": [],
          "private": "eyJlMmJmYjczMC1lY2FhLTExZTYtOGY4OC0zNDM2M2JjN2M0YzAiOnsiY3JlYXRlIjo1NDAwMDAwMDAwMDAwLCJkZWxldGUiOjU0MDAwMDAwMDAwMDAsInJlYWQiOjMwMDAwMDAwMDAwMCwidXBkYXRlIjo1NDAwMDAwMDAwMDAwfX0=",
          "dependencies": [
            "random_pet.rg_name"
          ]
        }
      ]
    },
    {
      "mode": "managed",
      "type": "random_id",
      "name": "log_analytics_workspace_name_suffix",
      "provider": "provider[\"registry.terraform.io/hashicorp/random\"]",
      "instances": [
        {
          "schema_version": 0,
          "attributes": {
            "b64_std": "bCEVbPIDPKA=",
            "b64_url": "bCEVbPIDPKA",
            "byte_length": 8,
            "dec": "7791532387988618400",
            "hex": "6c21156cf2033ca0",
            "id": "bCEVbPIDPKA",
            "keepers": null,
            "prefix": null
          },
          "sensitive_attributes": []
        }
      ]
    },
    {
      "mode": "managed",
      "type": "random_pet",
      "name": "rg_name",
      "provider": "provider[\"registry.terraform.io/hashicorp/random\"]",
      "instances": [
        {
          "schema_version": 0,
          "attributes": {
            "id": "rg-famous-ape",
            "keepers": null,
            "length": 2,
            "prefix": "rg",
            "separator": "-"
          },
          "sensitive_attributes": []
        }
      ]
    }
  ],
  "check_results": null
}
